lockfile_version: '1'
apm_version: 0.31.0
dependencies:
- repo_url: boykush/ai-plugins
  name: adr-remote-mcp
  host: github.com
  resolved_commit: 4b9ae00c41111225446cd063da0f38a89ae76164
  resolved_ref: 4b9ae00c41111225446cd063da0f38a89ae76164
  version: 0.1.0
  virtual_path: plugins/adr-remote-mcp
  is_virtual: true
  package_type: apm_package
  content_hash: sha256:6745a096e1cc71a877b44ad80a430b066a5939c20103dccf83f419ad194b61ed
deployments:
- kind: project-relative
  target: claude
  value: .claude/skills/enrich-release-notes
  runtime: null
  scope: project
  owners:
  - .
  active_owner: .
  content_hash: null
- kind: project-relative
  target: claude
  value: .claude/skills/enrich-release-notes/SKILL.md
  runtime: null
  scope: project
  owners:
  - .
  active_owner: .
  content_hash: sha256:2210836307b0dcdfda0363a3a50f1dc98527bdd2abe96182427c99b0e1b84b24
- kind: project-relative
  target: legacy
  value: .agents/skills/enrich-release-notes
  runtime: null
  scope: project
  owners:
  - .
  active_owner: .
  content_hash: null
- kind: project-relative
  target: legacy
  value: .agents/skills/enrich-release-notes/SKILL.md
  runtime: null
  scope: project
  owners:
  - .
  active_owner: .
  content_hash: sha256:2210836307b0dcdfda0363a3a50f1dc98527bdd2abe96182427c99b0e1b84b24
- kind: uri
  target: mcp
  value: adr
  runtime: claude
  scope: project
  owners:
  - .
  active_owner: .
  content_hash: null
- kind: uri
  target: mcp
  value: playwright
  runtime: claude
  scope: project
  owners:
  - .
  active_owner: .
  content_hash: null
- kind: uri
  target: mcp
  value: adr
  runtime: codex
  scope: project
  owners:
  - .
  active_owner: .
  content_hash: null
- kind: uri
  target: mcp
  value: playwright
  runtime: codex
  scope: project
  owners:
  - .
  active_owner: .
  content_hash: null
mcp_servers:
- adr
- playwright
mcp_configs:
  adr:
    name: adr
    transport: http
    registry: false
    url: https://adr-mcp.boykush.com/mcp
  playwright:
    name: playwright
    transport: stdio
    args:
    - '@playwright/mcp@0.0.70'
    registry: false
    command: npx
mcp_target_servers:
  claude:
  - adr
  - playwright
  codex:
  - adr
  - playwright
mcp_config_provenance:
  adr: adr-remote-mcp
local_deployed_files:
- .agents/skills/enrich-release-notes
- .agents/skills/enrich-release-notes/SKILL.md
- .claude/skills/enrich-release-notes
- .claude/skills/enrich-release-notes/SKILL.md
local_deployed_file_hashes:
  .agents/skills/enrich-release-notes/SKILL.md: sha256:2210836307b0dcdfda0363a3a50f1dc98527bdd2abe96182427c99b0e1b84b24
  .claude/skills/enrich-release-notes/SKILL.md: sha256:2210836307b0dcdfda0363a3a50f1dc98527bdd2abe96182427c99b0e1b84b24
